{
  "nodes": {
    "disko": {
      "inputs": {
        "nixpkgs": [
          "nixpkgs"
        ]
      },
      "locked": {
        "lastModified": 1682299489,
        "narHash": "sha256-bqHo0/82KB+IyBMyjBd6QdyZWJl/YZeGggjBsAgRFlY=",
        "owner": "nix-community",
        "repo": "disko",
        "rev": "8ab9e5609929379ab15f03fd3bdc1f85419e5a3a",
        "type": "github"
      },
      "original": {
        "owner": "nix-community",
        "repo": "disko",
        "type": "github"
      }
    },
    "home-manager": {
      "inputs": {
        "nixpkgs": [
          "nixpkgs"
        ]
      },
      "locked": {
        "lastModified": 1681971090,
        "narHash": "sha256-3j0M63GkG6GGny9e+C//GyuDCx1IwrurD27S0YI+GQY=",
        "owner": "nix-community",
        "repo": "home-manager",
        "rev": "5160039edca28a7e66bad0cfc72a07c91d6768ad",
        "type": "github"
      },
      "original": {
        "owner": "nix-community",
        "repo": "home-manager",
        "type": "github"
      }
    },
    "nixpkgs": {
      "locked": {
        "lastModified": 1681932375,
        "narHash": "sha256-tSXbYmpnKSSWpzOrs27ie8X3I0yqKA6AuCzCYNtwbCU=",
        "owner": "nixos",
        "repo": "nixpkgs",
        "rev": "3d302c67ab8647327dba84fbdb443cdbf0e82744",
        "type": "github"
      },
      "original": {
        "owner": "nixos",
        "ref": "nixos-22.11",
        "repo": "nixpkgs",
        "type": "github"
      }
    },
    "root": {
      "inputs": {
        "disko": "disko",
        "home-manager": "home-manager",
        "nixpkgs": "nixpkgs"
      }
    }
  },
  "root": "root",
  "version": 7
}
